
Microsoft Visual Studio Solution File, Format Version 12.00
# Visual Studio Version 17
VisualStudioVersion = 17.11.35312.102
MinimumVisualStudioVersion = 10.0.40219.1
Project("{8BC9CEB8-8B4A-11D0-8D11-00A0C91BC942}") = "LB6.4.it", "LB6.4.it\LB6.4.it.vcxproj", "{893D4E55-012C-475F-8FCA-49FA567BC182}"
EndProject
Project("{8BC9CEB8-8B4A-11D0-8D11-00A0C91BC942}") = "UnitTest6.4.it", "UnitTest6.4.it\UnitTest6.4.it.vcxproj", "{2AC09ABB-A63E-4D02-A8CD-E9DB20A893DE}"
EndProject
Global
	GlobalSection(SolutionConfigurationPlatforms) = preSolution
		Debug|x64 = Debug|x64
		Debug|x86 = Debug|x86
		Release|x64 = Release|x64
		Release|x86 = Release|x86
	EndGlobalSection
	GlobalSection(ProjectConfigurationPlatforms) = postSolution
		{893D4E55-012C-475F-8FCA-49FA567BC182}.Debug|x64.ActiveCfg = Debug|x64
		{893D4E55-012C-475F-8FCA-49FA567BC182}.Debug|x64.Build.0 = Debug|x64
		{893D4E55-012C-475F-8FCA-49FA567BC182}.Debug|x86.ActiveCfg = Debug|Win32
		{893D4E55-012C-475F-8FCA-49FA567BC182}.Debug|x86.Build.0 = Debug|Win32
		{893D4E55-012C-475F-8FCA-49FA567BC182}.Release|x64.ActiveCfg = Release|x64
		{893D4E55-012C-475F-8FCA-49FA567BC182}.Release|x64.Build.0 = Release|x64
		{893D4E55-012C-475F-8FCA-49FA567BC182}.Release|x86.ActiveCfg = Release|Win32
		{893D4E55-012C-475F-8FCA-49FA567BC182}.Release|x86.Build.0 = Release|Win32
		{2AC09ABB-A63E-4D02-A8CD-E9DB20A893DE}.Debug|x64.ActiveCfg = Debug|x64
		{2AC09ABB-A63E-4D02-A8CD-E9DB20A893DE}.Debug|x64.Build.0 = Debug|x64
		{2AC09ABB-A63E-4D02-A8CD-E9DB20A893DE}.Debug|x86.ActiveCfg = Debug|Win32
		{2AC09ABB-A63E-4D02-A8CD-E9DB20A893DE}.Debug|x86.Build.0 = Debug|Win32
		{2AC09ABB-A63E-4D02-A8CD-E9DB20A893DE}.Release|x64.ActiveCfg = Release|x64
		{2AC09ABB-A63E-4D02-A8CD-E9DB20A893DE}.Release|x64.Build.0 = Release|x64
		{2AC09ABB-A63E-4D02-A8CD-E9DB20A893DE}.Release|x86.ActiveCfg = Release|Win32
		{2AC09ABB-A63E-4D02-A8CD-E9DB20A893DE}.Release|x86.Build.0 = Release|Win32
	EndGlobalSection
	GlobalSection(SolutionProperties) = preSolution
		HideSolutionNode = FALSE
	EndGlobalSection
	GlobalSection(ExtensibilityGlobals) = postSolution
		SolutionGuid = {6A0253CB-3422-4FD6-B569-EFBFCFB02D38}
	EndGlobalSection
EndGlobal
